
Microsoft Visual Studio Solution File, Format Version 12.00
# Visual Studio Version 17
VisualStudioVersion = 17.8.34330.188
MinimumVisualStudioVersion = 10.0.40219.1
Project("{9A19103F-16F7-4668-BE54-9A1E7A4F7556}") = "AUA.ProjectName.WebApi", "AUA.ProjectName.WebApi\AUA.ProjectName.WebApi.csproj", "{43239E2E-AE61-4EDB-A6F6-5ACEC5D25347}"
EndProject
Project("{2150E333-8FDC-42A3-9474-1A3956D46DE8}") = "DomainEntities", "DomainEntities", "{1E687F27-E5E7-48C5-BB00-C963556DA8D9}"
EndProject
Project("{9A19103F-16F7-4668-BE54-9A1E7A4F7556}") = "AUA.ProjectName.DomainEntities", "AUA.ProjectName.DomainEntities\AUA.ProjectName.DomainEntities.csproj", "{572E3726-C52C-4B92-8A9E-09E5B94139A8}"
EndProject
Project("{2150E333-8FDC-42A3-9474-1A3956D46DE8}") = "Models", "Models", "{7F83310A-B383-4C46-9C2A-890957ED4222}"
EndProject
Project("{9A19103F-16F7-4668-BE54-9A1E7A4F7556}") = "AUA.ProjectName.Models", "AUA.ProjectName.Models\AUA.ProjectName.Models.csproj", "{A9141B26-D0CE-4E51-B45D-71BB1FB0FE06}"
EndProject
Project("{2150E333-8FDC-42A3-9474-1A3956D46DE8}") = "Infrastructure", "Infrastructure", "{86F22F88-08EF-4927-8BB9-1DE771E7C006}"
EndProject
Project("{9A19103F-16F7-4668-BE54-9A1E7A4F7556}") = "AUA.ProjectName.Common", "AUA.ProjectName.Common\AUA.ProjectName.Common.csproj", "{7E1EC85C-A9B7-4DE0-B4A7-1F93304A56EE}"
EndProject
Project("{9A19103F-16F7-4668-BE54-9A1E7A4F7556}") = "AUA.ProjectName.DataLayer", "AUA.ProjectName.DataLayer\AUA.ProjectName.DataLayer.csproj", "{C9F4C68B-E6CB-42BB-AB54-920699F10BAB}"
EndProject
Project("{9A19103F-16F7-4668-BE54-9A1E7A4F7556}") = "AUA.ProjectName.Infrastructure", "AUA.ProjectName.Infrastructure\AUA.ProjectName.Infrastructure.csproj", "{91351D40-E95B-4040-B782-A4CF1601C169}"
EndProject
Project("{2150E333-8FDC-42A3-9474-1A3956D46DE8}") = "Services", "Services", "{ED94F368-FC8F-4E80-BBE0-C737F47C3BC3}"
EndProject
Project("{9A19103F-16F7-4668-BE54-9A1E7A4F7556}") = "AUA.ProjectName.BackgroundServices", "AUA.ProjectName.BackgroundServices\AUA.ProjectName.BackgroundServices.csproj", "{142F0D40-2AEE-4498-BBDE-973D78F7FAE7}"
EndProject
Project("{9A19103F-16F7-4668-BE54-9A1E7A4F7556}") = "AUA.ProjectName.Services", "AUA.ProjectName.Services\AUA.ProjectName.Services.csproj", "{27B06EB6-8F55-473E-9FDF-A7D9A236DF22}"
EndProject
Project("{2150E333-8FDC-42A3-9474-1A3956D46DE8}") = "VastAplication", "VastAplication", "{BB981C44-4EB8-4D42-A134-C2644DAB1DE2}"
EndProject
Project("{2150E333-8FDC-42A3-9474-1A3956D46DE8}") = "Commands", "Commands", "{5B4BEE25-5E0E-4906-A93F-1D80B98DF37A}"
EndProject
Project("{2150E333-8FDC-42A3-9474-1A3956D46DE8}") = "Queries", "Queries", "{56FEA629-0904-4F94-A69C-AAC0F75A71B6}"
EndProject
Project("{2150E333-8FDC-42A3-9474-1A3956D46DE8}") = "Reports", "Reports", "{9071ED6F-74F0-4390-BD88-E0C51A7AFEA0}"
EndProject
Project("{9A19103F-16F7-4668-BE54-9A1E7A4F7556}") = "AUA.ProjectName.CommandHandler", "AUA.ProjectName.CommandHandler\AUA.ProjectName.CommandHandler.csproj", "{DBFCB4FD-CD22-4FFB-85E5-AF0C1A1887C2}"
EndProject
Project("{9A19103F-16F7-4668-BE54-9A1E7A4F7556}") = "AUA.ProjectName.Commands", "AUA.ProjectName.Commands\AUA.ProjectName.Commands.csproj", "{B9FE0AE2-EB7C-4973-81DE-1034EB43D7F0}"
EndProject
Project("{9A19103F-16F7-4668-BE54-9A1E7A4F7556}") = "AUA.ProjectName.Queries", "AUA.ProjectName.Queries\AUA.ProjectName.Queries.csproj", "{6EB86F9A-B39B-4C20-89D7-07B157CE48F5}"
EndProject
Project("{9A19103F-16F7-4668-BE54-9A1E7A4F7556}") = "AUA.ProjectName.QueryHandler", "AUA.ProjectName.QueryHandler\AUA.ProjectName.QueryHandler.csproj", "{B9E558C8-DF0B-406E-8553-18FD76E38246}"
EndProject
Project("{9A19103F-16F7-4668-BE54-9A1E7A4F7556}") = "AUA.ProjectName.ReportHandler", "AUA.ProjectName.ReportHandler\AUA.ProjectName.ReportHandler.csproj", "{98BE3EE6-30AE-4935-B150-69F8CFCFC156}"
EndProject
Project("{9A19103F-16F7-4668-BE54-9A1E7A4F7556}") = "AUA.ProjectName.Reports", "AUA.ProjectName.Reports\AUA.ProjectName.Reports.csproj", "{E52305C2-C312-4A4F-AC1A-6FDB50C488B6}"
EndProject
Project("{2150E333-8FDC-42A3-9474-1A3956D46DE8}") = "WebEndpoints", "WebEndpoints", "{C2886585-58C8-4921-AC79-F69A9CBA90C6}"
EndProject
Global
	GlobalSection(SolutionConfigurationPlatforms) = preSolution
		Debug|Any CPU = Debug|Any CPU
		Release|Any CPU = Release|Any CPU
	EndGlobalSection
	GlobalSection(ProjectConfigurationPlatforms) = postSolution
		{43239E2E-AE61-4EDB-A6F6-5ACEC5D25347}.Debug|Any CPU.ActiveCfg = Debug|Any CPU
		{43239E2E-AE61-4EDB-A6F6-5ACEC5D25347}.Debug|Any CPU.Build.0 = Debug|Any CPU
		{43239E2E-AE61-4EDB-A6F6-5ACEC5D25347}.Release|Any CPU.ActiveCfg = Release|Any CPU
		{43239E2E-AE61-4EDB-A6F6-5ACEC5D25347}.Release|Any CPU.Build.0 = Release|Any CPU
		{572E3726-C52C-4B92-8A9E-09E5B94139A8}.Debug|Any CPU.ActiveCfg = Debug|Any CPU
		{572E3726-C52C-4B92-8A9E-09E5B94139A8}.Debug|Any CPU.Build.0 = Debug|Any CPU
		{572E3726-C52C-4B92-8A9E-09E5B94139A8}.Release|Any CPU.ActiveCfg = Release|Any CPU
		{572E3726-C52C-4B92-8A9E-09E5B94139A8}.Release|Any CPU.Build.0 = Release|Any CPU
		{A9141B26-D0CE-4E51-B45D-71BB1FB0FE06}.Debug|Any CPU.ActiveCfg = Debug|Any CPU
		{A9141B26-D0CE-4E51-B45D-71BB1FB0FE06}.Debug|Any CPU.Build.0 = Debug|Any CPU
		{A9141B26-D0CE-4E51-B45D-71BB1FB0FE06}.Release|Any CPU.ActiveCfg = Release|Any CPU
		{A9141B26-D0CE-4E51-B45D-71BB1FB0FE06}.Release|Any CPU.Build.0 = Release|Any CPU
		{7E1EC85C-A9B7-4DE0-B4A7-1F93304A56EE}.Debug|Any CPU.ActiveCfg = Debug|Any CPU
		{7E1EC85C-A9B7-4DE0-B4A7-1F93304A56EE}.Debug|Any CPU.Build.0 = Debug|Any CPU
		{7E1EC85C-A9B7-4DE0-B4A7-1F93304A56EE}.Release|Any CPU.ActiveCfg = Release|Any CPU
		{7E1EC85C-A9B7-4DE0-B4A7-1F93304A56EE}.Release|Any CPU.Build.0 = Release|Any CPU
		{C9F4C68B-E6CB-42BB-AB54-920699F10BAB}.Debug|Any CPU.ActiveCfg = Debug|Any CPU
		{C9F4C68B-E6CB-42BB-AB54-920699F10BAB}.Debug|Any CPU.Build.0 = Debug|Any CPU
		{C9F4C68B-E6CB-42BB-AB54-920699F10BAB}.Release|Any CPU.ActiveCfg = Release|Any CPU
		{C9F4C68B-E6CB-42BB-AB54-920699F10BAB}.Release|Any CPU.Build.0 = Release|Any CPU
		{91351D40-E95B-4040-B782-A4CF1601C169}.Debug|Any CPU.ActiveCfg = Debug|Any CPU
		{91351D40-E95B-4040-B782-A4CF1601C169}.Debug|Any CPU.Build.0 = Debug|Any CPU
		{91351D40-E95B-4040-B782-A4CF1601C169}.Release|Any CPU.ActiveCfg = Release|Any CPU
		{91351D40-E95B-4040-B782-A4CF1601C169}.Release|Any CPU.Build.0 = Release|Any CPU
		{142F0D40-2AEE-4498-BBDE-973D78F7FAE7}.Debug|Any CPU.ActiveCfg = Debug|Any CPU
		{142F0D40-2AEE-4498-BBDE-973D78F7FAE7}.Debug|Any CPU.Build.0 = Debug|Any CPU
		{142F0D40-2AEE-4498-BBDE-973D78F7FAE7}.Release|Any CPU.ActiveCfg = Release|Any CPU
		{142F0D40-2AEE-4498-BBDE-973D78F7FAE7}.Release|Any CPU.Build.0 = Release|Any CPU
		{27B06EB6-8F55-473E-9FDF-A7D9A236DF22}.Debug|Any CPU.ActiveCfg = Debug|Any CPU
		{27B06EB6-8F55-473E-9FDF-A7D9A236DF22}.Debug|Any CPU.Build.0 = Debug|Any CPU
		{27B06EB6-8F55-473E-9FDF-A7D9A236DF22}.Release|Any CPU.ActiveCfg = Release|Any CPU
		{27B06EB6-8F55-473E-9FDF-A7D9A236DF22}.Release|Any CPU.Build.0 = Release|Any CPU
		{DBFCB4FD-CD22-4FFB-85E5-AF0C1A1887C2}.Debug|Any CPU.ActiveCfg = Debug|Any CPU
		{DBFCB4FD-CD22-4FFB-85E5-AF0C1A1887C2}.Debug|Any CPU.Build.0 = Debug|Any CPU
		{DBFCB4FD-CD22-4FFB-85E5-AF0C1A1887C2}.Release|Any CPU.ActiveCfg = Release|Any CPU
		{DBFCB4FD-CD22-4FFB-85E5-AF0C1A1887C2}.Release|Any CPU.Build.0 = Release|Any CPU
		{B9FE0AE2-EB7C-4973-81DE-1034EB43D7F0}.Debug|Any CPU.ActiveCfg = Debug|Any CPU
		{B9FE0AE2-EB7C-4973-81DE-1034EB43D7F0}.Debug|Any CPU.Build.0 = Debug|Any CPU
		{B9FE0AE2-EB7C-4973-81DE-1034EB43D7F0}.Release|Any CPU.ActiveCfg = Release|Any CPU
		{B9FE0AE2-EB7C-4973-81DE-1034EB43D7F0}.Release|Any CPU.Build.0 = Release|Any CPU
		{6EB86F9A-B39B-4C20-89D7-07B157CE48F5}.Debug|Any CPU.ActiveCfg = Debug|Any CPU
		{6EB86F9A-B39B-4C20-89D7-07B157CE48F5}.Debug|Any CPU.Build.0 = Debug|Any CPU
		{6EB86F9A-B39B-4C20-89D7-07B157CE48F5}.Release|Any CPU.ActiveCfg = Release|Any CPU
		{6EB86F9A-B39B-4C20-89D7-07B157CE48F5}.Release|Any CPU.Build.0 = Release|Any CPU
		{B9E558C8-DF0B-406E-8553-18FD76E38246}.Debug|Any CPU.ActiveCfg = Debug|Any CPU
		{B9E558C8-DF0B-406E-8553-18FD76E38246}.Debug|Any CPU.Build.0 = Debug|Any CPU
		{B9E558C8-DF0B-406E-8553-18FD76E38246}.Release|Any CPU.ActiveCfg = Release|Any CPU
		{B9E558C8-DF0B-406E-8553-18FD76E38246}.Release|Any CPU.Build.0 = Release|Any CPU
		{98BE3EE6-30AE-4935-B150-69F8CFCFC156}.Debug|Any CPU.ActiveCfg = Debug|Any CPU
		{98BE3EE6-30AE-4935-B150-69F8CFCFC156}.Debug|Any CPU.Build.0 = Debug|Any CPU
		{98BE3EE6-30AE-4935-B150-69F8CFCFC156}.Release|Any CPU.ActiveCfg = Release|Any CPU
		{98BE3EE6-30AE-4935-B150-69F8CFCFC156}.Release|Any CPU.Build.0 = Release|Any CPU
		{E52305C2-C312-4A4F-AC1A-6FDB50C488B6}.Debug|Any CPU.ActiveCfg = Debug|Any CPU
		{E52305C2-C312-4A4F-AC1A-6FDB50C488B6}.Debug|Any CPU.Build.0 = Debug|Any CPU
		{E52305C2-C312-4A4F-AC1A-6FDB50C488B6}.Release|Any CPU.ActiveCfg = Release|Any CPU
		{E52305C2-C312-4A4F-AC1A-6FDB50C488B6}.Release|Any CPU.Build.0 = Release|Any CPU
	EndGlobalSection
	GlobalSection(SolutionProperties) = preSolution
		HideSolutionNode = FALSE
	EndGlobalSection
	GlobalSection(NestedProjects) = preSolution
		{43239E2E-AE61-4EDB-A6F6-5ACEC5D25347} = {C2886585-58C8-4921-AC79-F69A9CBA90C6}
		{572E3726-C52C-4B92-8A9E-09E5B94139A8} = {1E687F27-E5E7-48C5-BB00-C963556DA8D9}
		{A9141B26-D0CE-4E51-B45D-71BB1FB0FE06} = {7F83310A-B383-4C46-9C2A-890957ED4222}
		{7E1EC85C-A9B7-4DE0-B4A7-1F93304A56EE} = {86F22F88-08EF-4927-8BB9-1DE771E7C006}
		{C9F4C68B-E6CB-42BB-AB54-920699F10BAB} = {86F22F88-08EF-4927-8BB9-1DE771E7C006}
		{91351D40-E95B-4040-B782-A4CF1601C169} = {86F22F88-08EF-4927-8BB9-1DE771E7C006}
		{142F0D40-2AEE-4498-BBDE-973D78F7FAE7} = {ED94F368-FC8F-4E80-BBE0-C737F47C3BC3}
		{27B06EB6-8F55-473E-9FDF-A7D9A236DF22} = {ED94F368-FC8F-4E80-BBE0-C737F47C3BC3}
		{5B4BEE25-5E0E-4906-A93F-1D80B98DF37A} = {BB981C44-4EB8-4D42-A134-C2644DAB1DE2}
		{56FEA629-0904-4F94-A69C-AAC0F75A71B6} = {BB981C44-4EB8-4D42-A134-C2644DAB1DE2}
		{9071ED6F-74F0-4390-BD88-E0C51A7AFEA0} = {BB981C44-4EB8-4D42-A134-C2644DAB1DE2}
		{DBFCB4FD-CD22-4FFB-85E5-AF0C1A1887C2} = {5B4BEE25-5E0E-4906-A93F-1D80B98DF37A}
		{B9FE0AE2-EB7C-4973-81DE-1034EB43D7F0} = {5B4BEE25-5E0E-4906-A93F-1D80B98DF37A}
		{6EB86F9A-B39B-4C20-89D7-07B157CE48F5} = {56FEA629-0904-4F94-A69C-AAC0F75A71B6}
		{B9E558C8-DF0B-406E-8553-18FD76E38246} = {56FEA629-0904-4F94-A69C-AAC0F75A71B6}
		{98BE3EE6-30AE-4935-B150-69F8CFCFC156} = {9071ED6F-74F0-4390-BD88-E0C51A7AFEA0}
		{E52305C2-C312-4A4F-AC1A-6FDB50C488B6} = {9071ED6F-74F0-4390-BD88-E0C51A7AFEA0}
	EndGlobalSection
	GlobalSection(ExtensibilityGlobals) = postSolution
		SolutionGuid = {C5F45317-DD5F-4619-8EF7-C9E7C5E3DC6F}
	EndGlobalSection
EndGlobal
